
Microsoft Visual Studio Solution File, Format Version 12.00
# Visual Studio Version 17
VisualStudioVersion = 17.0.31903.59
MinimumVisualStudioVersion = 10.0.40219.1
Project("{E24C65DC-7377-472B-9ABA-BC803B73C61A}") = "ASCXTest", "ASCXTest\", "{6073F48F-37DB-49CE-A451-9E67AE789CFA}"
	ProjectSection(WebsiteProperties) = preProject
		TargetFrameworkMoniker = ".NETFramework,Version%3Dv4.8"
		Debug.AspNetCompiler.VirtualPath = "/localhost_60549"
		Debug.AspNetCompiler.PhysicalPath = "ASCXTest\"
		Debug.AspNetCompiler.TargetPath = "PrecompiledWeb\localhost_60549\"
		Debug.AspNetCompiler.Updateable = "true"
		Debug.AspNetCompiler.ForceOverwrite = "true"
		Debug.AspNetCompiler.FixedNames = "false"
		Debug.AspNetCompiler.Debug = "True"
		Release.AspNetCompiler.VirtualPath = "/localhost_60549"
		Release.AspNetCompiler.PhysicalPath = "ASCXTest\"
		Release.AspNetCompiler.TargetPath = "PrecompiledWeb\localhost_60549\"
		Release.AspNetCompiler.Updateable = "true"
		Release.AspNetCompiler.ForceOverwrite = "true"
		Release.AspNetCompiler.FixedNames = "false"
		Release.AspNetCompiler.Debug = "False"
		VWDPort = "60549"
		SlnRelativePath = "ASCXTest\"
		DefaultWebSiteLanguage = "Visual C#"
	EndProjectSection
EndProject
Global
	GlobalSection(SolutionConfigurationPlatforms) = preSolution
		Debug|Any CPU = Debug|Any CPU
	EndGlobalSection
	GlobalSection(ProjectConfigurationPlatforms) = postSolution
		{6073F48F-37DB-49CE-A451-9E67AE789CFA}.Debug|Any CPU.ActiveCfg = Debug|Any CPU
		{6073F48F-37DB-49CE-A451-9E67AE789CFA}.Debug|Any CPU.Build.0 = Debug|Any CPU
	EndGlobalSection
	GlobalSection(SolutionProperties) = preSolution
		HideSolutionNode = FALSE
	EndGlobalSection
	GlobalSection(ExtensibilityGlobals) = postSolution
		SolutionGuid = {1AB2C2E1-78B4-4B70-A14F-07D68FC88ECB}
	EndGlobalSection
EndGlobal
